
Microsoft Visual Studio Solution File, Format Version 12.00
# Visual Studio 14
VisualStudioVersion = 14.0.23107.0
MinimumVisualStudioVersion = 10.0.40219.1
Project("{FAE04EC0-301F-11D3-BF4B-00C04F79EFBC}") = "Entities", "Entities\Entities.csproj", "{11C177EF-3360-4EBF-883C-5D17C8FE63CA}"
EndProject
Project("{FAE04EC0-301F-11D3-BF4B-00C04F79EFBC}") = "SearchIndexWorker", "SearchIndexWorker\SearchIndexWorker.csproj", "{586C2600-E49F-4A7C-9B6F-E7FDFAB87F24}"
EndProject
Project("{FAE04EC0-301F-11D3-BF4B-00C04F79EFBC}") = "Storage", "Storage\Storage.csproj", "{4471E047-6EBC-4C66-93A1-5D6EAEA1AB91}"
EndProject
Project("{FAE04EC0-301F-11D3-BF4B-00C04F79EFBC}") = "TweetEventHandler", "TweetEventHandler\TweetEventHandler.csproj", "{99DE2D13-23B6-4751-A4F8-D4CF0CED1B66}"
EndProject
Project("{CC5FD16D-436D-48AD-A40C-5A424C6E3E79}") = "TweetHandlerService", "TweetHandlerService\TweetHandlerService.ccproj", "{EDECDE53-0178-49DC-AF39-D4865496472B}"
EndProject
Project("{CC5FD16D-436D-48AD-A40C-5A424C6E3E79}") = "TweetPublishService", "TweetPublishService\TweetPublishService.ccproj", "{7147B9B5-523B-4A4D-AA90-6BA32C36F700}"
EndProject
Project("{FAE04EC0-301F-11D3-BF4B-00C04F79EFBC}") = "Tweetr", "Tweetr\Tweetr.csproj", "{98B39EE1-7540-44CA-8EF2-4B6D338E90DE}"
EndProject
Project("{FAE04EC0-301F-11D3-BF4B-00C04F79EFBC}") = "TweetrPublisher", "TweetrPublisher\TweetrPublisher.csproj", "{E338C5E0-1180-4967-A74B-D62077C510CF}"
EndProject
Project("{FAE04EC0-301F-11D3-BF4B-00C04F79EFBC}") = "TweetrSearchWeb", "TweetrSearchWeb\TweetrSearchWeb.csproj", "{ABC712BB-E55F-4764-98F8-8E10A248C190}"
EndProject
Project("{FAE04EC0-301F-11D3-BF4B-00C04F79EFBC}") = "WeatherUndergroundService", "WeatherUndergroundService\WeatherUndergroundService.csproj", "{A7A99412-5F99-4B4F-AFCF-90AA4B1EEB90}"
EndProject
Project("{8BB2217D-0F2D-49D1-97BC-3654ED321F3B}") = "Entities.Package", "Entities.Package\Entities.Package.xproj", "{F6CEC90B-9B89-4D74-A8A1-F6F19CFB6318}"
EndProject
Project("{2150E333-8FDC-42A3-9474-1A3956D46DE8}") = "Solution Items", "Solution Items", "{0D3C316A-0A6C-4815-8FE0-12875DF0DC01}"
	ProjectSection(SolutionItems) = preProject
		Entities.Package\global.json = Entities.Package\global.json
	EndProjectSection
EndProject
Project("{2150E333-8FDC-42A3-9474-1A3956D46DE8}") = "AzureManagement", "AzureManagement", "{D781B6DB-2397-4EC7-AE5A-2BFCBE797E88}"
	ProjectSection(SolutionItems) = preProject
		AzureManagement\Create-GRResourceGroup.ps1 = AzureManagement\Create-GRResourceGroup.ps1
		AzureManagement\New-TweetrPubSubSystem.ps1 = AzureManagement\New-TweetrPubSubSystem.ps1
		AzureManagement\New-TweetrPubSubSystem2.ps1 = AzureManagement\New-TweetrPubSubSystem2.ps1
		AzureManagement\Package-CloudServiceProject.ps1 = AzureManagement\Package-CloudServiceProject.ps1
		AzureManagement\Publish-CloudServiceFromPackage.ps1 = AzureManagement\Publish-CloudServiceFromPackage.ps1
		AzureManagement\Set-ProjectCloudConfigurations.ps1 = AzureManagement\Set-ProjectCloudConfigurations.ps1
		AzureManagement\tweet-publish-subscribe.json = AzureManagement\tweet-publish-subscribe.json
	EndProjectSection
EndProject
Project("{CC5FD16D-436D-48AD-A40C-5A424C6E3E79}") = "TweetrSearchWebService", "TweetrSearchWebService\TweetrSearchWebService.ccproj", "{CE09B34B-2035-4EC4-9D64-78203420813F}"
EndProject
Project("{8BB2217D-0F2D-49D1-97BC-3654ED321F3B}") = "Web", "Web\Web.xproj", "{BA0AA059-160E-4A7B-8591-08019E884A43}"
EndProject
Global
	GlobalSection(SolutionConfigurationPlatforms) = preSolution
		Debug|Any CPU = Debug|Any CPU
		Release|Any CPU = Release|Any CPU
	EndGlobalSection
	GlobalSection(ProjectConfigurationPlatforms) = postSolution
		{11C177EF-3360-4EBF-883C-5D17C8FE63CA}.Debug|Any CPU.ActiveCfg = Debug|Any CPU
		{11C177EF-3360-4EBF-883C-5D17C8FE63CA}.Debug|Any CPU.Build.0 = Debug|Any CPU
		{11C177EF-3360-4EBF-883C-5D17C8FE63CA}.Release|Any CPU.ActiveCfg = Release|Any CPU
		{11C177EF-3360-4EBF-883C-5D17C8FE63CA}.Release|Any CPU.Build.0 = Release|Any CPU
		{586C2600-E49F-4A7C-9B6F-E7FDFAB87F24}.Debug|Any CPU.ActiveCfg = Debug|Any CPU
		{586C2600-E49F-4A7C-9B6F-E7FDFAB87F24}.Debug|Any CPU.Build.0 = Debug|Any CPU
		{586C2600-E49F-4A7C-9B6F-E7FDFAB87F24}.Release|Any CPU.ActiveCfg = Release|Any CPU
		{586C2600-E49F-4A7C-9B6F-E7FDFAB87F24}.Release|Any CPU.Build.0 = Release|Any CPU
		{4471E047-6EBC-4C66-93A1-5D6EAEA1AB91}.Debug|Any CPU.ActiveCfg = Debug|Any CPU
		{4471E047-6EBC-4C66-93A1-5D6EAEA1AB91}.Debug|Any CPU.Build.0 = Debug|Any CPU
		{4471E047-6EBC-4C66-93A1-5D6EAEA1AB91}.Release|Any CPU.ActiveCfg = Release|Any CPU
		{4471E047-6EBC-4C66-93A1-5D6EAEA1AB91}.Release|Any CPU.Build.0 = Release|Any CPU
		{99DE2D13-23B6-4751-A4F8-D4CF0CED1B66}.Debug|Any CPU.ActiveCfg = Debug|Any CPU
		{99DE2D13-23B6-4751-A4F8-D4CF0CED1B66}.Debug|Any CPU.Build.0 = Debug|Any CPU
		{99DE2D13-23B6-4751-A4F8-D4CF0CED1B66}.Release|Any CPU.ActiveCfg = Release|Any CPU
		{99DE2D13-23B6-4751-A4F8-D4CF0CED1B66}.Release|Any CPU.Build.0 = Release|Any CPU
		{EDECDE53-0178-49DC-AF39-D4865496472B}.Debug|Any CPU.ActiveCfg = Debug|Any CPU
		{EDECDE53-0178-49DC-AF39-D4865496472B}.Debug|Any CPU.Build.0 = Debug|Any CPU
		{EDECDE53-0178-49DC-AF39-D4865496472B}.Release|Any CPU.ActiveCfg = Release|Any CPU
		{EDECDE53-0178-49DC-AF39-D4865496472B}.Release|Any CPU.Build.0 = Release|Any CPU
		{7147B9B5-523B-4A4D-AA90-6BA32C36F700}.Debug|Any CPU.ActiveCfg = Debug|Any CPU
		{7147B9B5-523B-4A4D-AA90-6BA32C36F700}.Debug|Any CPU.Build.0 = Debug|Any CPU
		{7147B9B5-523B-4A4D-AA90-6BA32C36F700}.Release|Any CPU.ActiveCfg = Release|Any CPU
		{7147B9B5-523B-4A4D-AA90-6BA32C36F700}.Release|Any CPU.Build.0 = Release|Any CPU
		{98B39EE1-7540-44CA-8EF2-4B6D338E90DE}.Debug|Any CPU.ActiveCfg = Debug|Any CPU
		{98B39EE1-7540-44CA-8EF2-4B6D338E90DE}.Debug|Any CPU.Build.0 = Debug|Any CPU
		{98B39EE1-7540-44CA-8EF2-4B6D338E90DE}.Release|Any CPU.ActiveCfg = Release|Any CPU
		{98B39EE1-7540-44CA-8EF2-4B6D338E90DE}.Release|Any CPU.Build.0 = Release|Any CPU
		{E338C5E0-1180-4967-A74B-D62077C510CF}.Debug|Any CPU.ActiveCfg = Debug|Any CPU
		{E338C5E0-1180-4967-A74B-D62077C510CF}.Debug|Any CPU.Build.0 = Debug|Any CPU
		{E338C5E0-1180-4967-A74B-D62077C510CF}.Release|Any CPU.ActiveCfg = Release|Any CPU
		{E338C5E0-1180-4967-A74B-D62077C510CF}.Release|Any CPU.Build.0 = Release|Any CPU
		{ABC712BB-E55F-4764-98F8-8E10A248C190}.Debug|Any CPU.ActiveCfg = Debug|Any CPU
		{ABC712BB-E55F-4764-98F8-8E10A248C190}.Debug|Any CPU.Build.0 = Debug|Any CPU
		{ABC712BB-E55F-4764-98F8-8E10A248C190}.Release|Any CPU.ActiveCfg = Release|Any CPU
		{ABC712BB-E55F-4764-98F8-8E10A248C190}.Release|Any CPU.Build.0 = Release|Any CPU
		{A7A99412-5F99-4B4F-AFCF-90AA4B1EEB90}.Debug|Any CPU.ActiveCfg = Debug|Any CPU
		{A7A99412-5F99-4B4F-AFCF-90AA4B1EEB90}.Debug|Any CPU.Build.0 = Debug|Any CPU
		{A7A99412-5F99-4B4F-AFCF-90AA4B1EEB90}.Release|Any CPU.ActiveCfg = Release|Any CPU
		{A7A99412-5F99-4B4F-AFCF-90AA4B1EEB90}.Release|Any CPU.Build.0 = Release|Any CPU
		{F6CEC90B-9B89-4D74-A8A1-F6F19CFB6318}.Debug|Any CPU.ActiveCfg = Debug|Any CPU
		{F6CEC90B-9B89-4D74-A8A1-F6F19CFB6318}.Debug|Any CPU.Build.0 = Debug|Any CPU
		{F6CEC90B-9B89-4D74-A8A1-F6F19CFB6318}.Release|Any CPU.ActiveCfg = Release|Any CPU
		{F6CEC90B-9B89-4D74-A8A1-F6F19CFB6318}.Release|Any CPU.Build.0 = Release|Any CPU
		{CE09B34B-2035-4EC4-9D64-78203420813F}.Debug|Any CPU.ActiveCfg = Debug|Any CPU
		{CE09B34B-2035-4EC4-9D64-78203420813F}.Debug|Any CPU.Build.0 = Debug|Any CPU
		{CE09B34B-2035-4EC4-9D64-78203420813F}.Release|Any CPU.ActiveCfg = Release|Any CPU
		{CE09B34B-2035-4EC4-9D64-78203420813F}.Release|Any CPU.Build.0 = Release|Any CPU
		{BA0AA059-160E-4A7B-8591-08019E884A43}.Debug|Any CPU.ActiveCfg = Debug|Any CPU
		{BA0AA059-160E-4A7B-8591-08019E884A43}.Debug|Any CPU.Build.0 = Debug|Any CPU
		{BA0AA059-160E-4A7B-8591-08019E884A43}.Release|Any CPU.ActiveCfg = Release|Any CPU
		{BA0AA059-160E-4A7B-8591-08019E884A43}.Release|Any CPU.Build.0 = Release|Any CPU
	EndGlobalSection
	GlobalSection(SolutionProperties) = preSolution
		HideSolutionNode = FALSE
	EndGlobalSection
EndGlobal
